
Microsoft Visual Studio Solution File, Format Version 12.00
# Visual Studio 2013
VisualStudioVersion = 12.0.21005.1
MinimumVisualStudioVersion = 10.0.40219.1
Project("{FAE04EC0-301F-11D3-BF4B-00C04F79EFBC}") = "EventDocuments", "EventDocuments\EventDocuments.csproj", "{B946D2FA-269A-4044-A90B-224938B4ACAA}"
EndProject
Global
	GlobalSection(SolutionConfigurationPlatforms) = preSolution
		Debug|Any CPU = Debug|Any CPU
		Release|Any CPU = Release|Any CPU
	EndGlobalSection
	GlobalSection(ProjectConfigurationPlatforms) = postSolution
		{B946D2FA-269A-4044-A90B-224938B4ACAA}.Debug|Any CPU.ActiveCfg = Debug|Any CPU
		{B946D2FA-269A-4044-A90B-224938B4ACAA}.Debug|Any CPU.Build.0 = Debug|Any CPU
		{B946D2FA-269A-4044-A90B-224938B4ACAA}.Debug|Any CPU.Deploy.0 = Debug|Any CPU
		{B946D2FA-269A-4044-A90B-224938B4ACAA}.Release|Any CPU.ActiveCfg = Release|Any CPU
		{B946D2FA-269A-4044-A90B-224938B4ACAA}.Release|Any CPU.Build.0 = Release|Any CPU
		{B946D2FA-269A-4044-A90B-224938B4ACAA}.Release|Any CPU.Deploy.0 = Release|Any CPU
	EndGlobalSection
	GlobalSection(SolutionProperties) = preSolution
		HideSolutionNode = FALSE
	EndGlobalSection
EndGlobal
